
Microsoft Visual Studio Solution File, Format Version 12.00
# Visual Studio Version 17
VisualStudioVersion = 17.6.33829.357
MinimumVisualStudioVersion = 10.0.40219.1
Project("{8BC9CEB8-8B4A-11D0-8D11-00A0C91BC942}") = "TEST_GIT", "TEST_GIT\TEST_GIT.vcxproj", "{5EA3DEF9-2E5F-4174-A404-E5E3DCC067BF}"
EndProject
Global
	GlobalSection(SolutionConfigurationPlatforms) = preSolution
		Debug|x64 = Debug|x64
		Debug|x86 = Debug|x86
		Release|x64 = Release|x64
		Release|x86 = Release|x86
	EndGlobalSection
	GlobalSection(ProjectConfigurationPlatforms) = postSolution
		{5EA3DEF9-2E5F-4174-A404-E5E3DCC067BF}.Debug|x64.ActiveCfg = Debug|x64
		{5EA3DEF9-2E5F-4174-A404-E5E3DCC067BF}.Debug|x64.Build.0 = Debug|x64
		{5EA3DEF9-2E5F-4174-A404-E5E3DCC067BF}.Debug|x86.ActiveCfg = Debug|Win32
		{5EA3DEF9-2E5F-4174-A404-E5E3DCC067BF}.Debug|x86.Build.0 = Debug|Win32
		{5EA3DEF9-2E5F-4174-A404-E5E3DCC067BF}.Release|x64.ActiveCfg = Release|x64
		{5EA3DEF9-2E5F-4174-A404-E5E3DCC067BF}.Release|x64.Build.0 = Release|x64
		{5EA3DEF9-2E5F-4174-A404-E5E3DCC067BF}.Release|x86.ActiveCfg = Release|Win32
		{5EA3DEF9-2E5F-4174-A404-E5E3DCC067BF}.Release|x86.Build.0 = Release|Win32
	EndGlobalSection
	GlobalSection(SolutionProperties) = preSolution
		HideSolutionNode = FALSE
	EndGlobalSection
	GlobalSection(ExtensibilityGlobals) = postSolution
		SolutionGuid = {45C611AF-85F6-4402-9AA4-3C048E5B9C62}
	EndGlobalSection
EndGlobal
